// !$*UTF8*$!
{
	archiveVersion = 1;
	classes = {
	};
	objectVersion = 48;
	objects = {

/* Begin PBXBuildFile section */
		10EC9B487357A76ACCC87F59 /* Pods_LipstickTests.framework in Frameworks */ = {isa = PBXBuildFile; fileRef = 0D36D7E305134F4E0731FFA2 /* Pods_LipstickTests.framework */; };
		582E97AA217FD16000B226FD /* DemoCollectionViewCell.xib in Resources */ = {isa = PBXBuildFile; fileRef = 582E97A7217FD16000B226FD /* DemoCollectionViewCell.xib */; };
		582E97AB217FD16000B226FD /* DemoCollectionViewCell.swift in Sources */ = {isa = PBXBuildFile; fileRef = 582E97A8217FD16000B226FD /* DemoCollectionViewCell.swift */; };
		582E97AC217FD16000B226FD /* FavoriteVC.swift in Sources */ = {isa = PBXBuildFile; fileRef = 582E97A9217FD16000B226FD /* FavoriteVC.swift */; };
		582E97AE218153FB00B226FD /* favoriteTBC.swift in Sources */ = {isa = PBXBuildFile; fileRef = 582E97AD218153FB00B226FD /* favoriteTBC.swift */; };
		582E97B3218155C700B226FD /* AnimationBarButton.swift in Sources */ = {isa = PBXBuildFile; fileRef = 582E97B0218155C700B226FD /* AnimationBarButton.swift */; };
		582E97B4218155C700B226FD /* Rotatable.swift in Sources */ = {isa = PBXBuildFile; fileRef = 582E97B2218155C700B226FD /* Rotatable.swift */; };
		7080AC8A21117A5F006C2B60 /* CatagoriesController.swift in Sources */ = {isa = PBXBuildFile; fileRef = 7080AC8921117A5F006C2B60 /* CatagoriesController.swift */; };
		7080ACC721119071006C2B60 /* LipstickDetailController.swift in Sources */ = {isa = PBXBuildFile; fileRef = 7080ACC621119071006C2B60 /* LipstickDetailController.swift */; };
		7080ACDB21187F2A006C2B60 /* WobbleAnimator.swift in Sources */ = {isa = PBXBuildFile; fileRef = 7080ACDA21187F29006C2B60 /* WobbleAnimator.swift */; };
		709FDF15210EC5B1000604C3 /* AppDelegate.swift in Sources */ = {isa = PBXBuildFile; fileRef = 709FDF14210EC5B1000604C3 /* AppDelegate.swift */; };
		709FDF17210EC5B1000604C3 /* BrandController.swift in Sources */ = {isa = PBXBuildFile; fileRef = 709FDF16210EC5B1000604C3 /* BrandController.swift */; };
		709FDF1A210EC5B1000604C3 /* Main.storyboard in Resources */ = {isa = PBXBuildFile; fileRef = 709FDF18210EC5B1000604C3 /* Main.storyboard */; };
		709FDF1D210EC5B1000604C3 /* Lipstick.xcdatamodeld in Sources */ = {isa = PBXBuildFile; fileRef = 709FDF1B210EC5B1000604C3 /* Lipstick.xcdatamodeld */; };
		709FDF1F210EC5B1000604C3 /* Assets.xcassets in Resources */ = {isa = PBXBuildFile; fileRef = 709FDF1E210EC5B1000604C3 /* Assets.xcassets */; };
		709FDF22210EC5B1000604C3 /* LaunchScreen.storyboard in Resources */ = {isa = PBXBuildFile; fileRef = 709FDF20210EC5B1000604C3 /* LaunchScreen.storyboard */; };
		709FDF2D210EC5B1000604C3 /* LipstickTests.swift in Sources */ = {isa = PBXBuildFile; fileRef = 709FDF2C210EC5B1000604C3 /* LipstickTests.swift */; };
		709FDF38210EC5B1000604C3 /* LipstickUITests.swift in Sources */ = {isa = PBXBuildFile; fileRef = 709FDF37210EC5B1000604C3 /* LipstickUITests.swift */; };
		709FDF47210ECFDC000604C3 /* BrandCollectionViewCell.swift in Sources */ = {isa = PBXBuildFile; fileRef = 709FDF46210ECFDC000604C3 /* BrandCollectionViewCell.swift */; };
		70AE24F721601C8500DC6907 /* GoogleService-Info.plist in Resources */ = {isa = PBXBuildFile; fileRef = 70AE24F621601C8500DC6907 /* GoogleService-Info.plist */; };
		70AE24FD2161E6A800DC6907 /* mainTab.swift in Sources */ = {isa = PBXBuildFile; fileRef = 70AE24FC2161E6A800DC6907 /* mainTab.swift */; };
		70AE25002161EAB000DC6907 /* AllLipsticksVC.swift in Sources */ = {isa = PBXBuildFile; fileRef = 70AE24FF2161EAB000DC6907 /* AllLipsticksVC.swift */; };
		70AE25042161ECF600DC6907 /* ColourboardVC.swift in Sources */ = {isa = PBXBuildFile; fileRef = 70AE25032161ECF600DC6907 /* ColourboardVC.swift */; };
		70AE2509216424D300DC6907 /* SettingsVC.swift in Sources */ = {isa = PBXBuildFile; fileRef = 70AE2508216424D300DC6907 /* SettingsVC.swift */; };
		70EB7830219D416100593291 /* CollectionVC.swift in Sources */ = {isa = PBXBuildFile; fileRef = 70EB782F219D416100593291 /* CollectionVC.swift */; };
		70FDBA5821FAC5AD00D27726 /* TBCCell.swift in Sources */ = {isa = PBXBuildFile; fileRef = 70FDBA5721FAC5AD00D27726 /* TBCCell.swift */; };
		A1D210FEACC1490862F36665 /* Pods_Lipstick.framework in Frameworks */ = {isa = PBXBuildFile; fileRef = ED924BD878E7A3FC90BFEE79 /* Pods_Lipstick.framework */; };
		AEE14A100F520C1C60F7D7BA /* Pods_LipstickUITests.framework in Frameworks */ = {isa = PBXBuildFile; fileRef = 2479714012616E945C8AFA40 /* Pods_LipstickUITests.framework */; };
/* End PBXBuildFile section */

/* Begin PBXContainerItemProxy section */
		709FDF29210EC5B1000604C3 /* PBXContainerItemProxy */ = {
			isa = PBXContainerItemProxy;
			containerPortal = 709FDF09210EC5B1000604C3 /* Project object */;
			proxyType = 1;
			remoteGlobalIDString = 709FDF10210EC5B1000604C3;
			remoteInfo = Lipstick;
		};
		709FDF34210EC5B1000604C3 /* PBXContainerItemProxy */ = {
			isa = PBXContainerItemProxy;
			containerPortal = 709FDF09210EC5B1000604C3 /* Project object */;
			proxyType = 1;
			remoteGlobalIDString = 709FDF10210EC5B1000604C3;
			remoteInfo = Lipstick;
		};
/* End PBXContainerItemProxy section */

/* Begin PBXFileReference section */
		0D36D7E305134F4E0731FFA2 /* Pods_LipstickTests.framework */ = {isa = PBXFileReference; explicitFileType = wrapper.framework; includeInIndex = 0; path = Pods_LipstickTests.framework; sourceTree = BUILT_PRODUCTS_DIR; };
		2479714012616E945C8AFA40 /* Pods_LipstickUITests.framework */ = {isa = PBXFileReference; explicitFileType = wrapper.framework; includeInIndex = 0; path = Pods_LipstickUITests.framework; sourceTree = BUILT_PRODUCTS_DIR; };
		36430D6D5C9FC39444DC5A13 /* Pods-Lipstick.debug.xcconfig */ = {isa = PBXFileReference; includeInIndex = 1; lastKnownFileType = text.xcconfig; name = "Pods-Lipstick.debug.xcconfig"; path = "Pods/Target Support Files/Pods-Lipstick/Pods-Lipstick.debug.xcconfig"; sourceTree = "<group>"; };
		582E97A7217FD16000B226FD /* DemoCollectionViewCell.xib */ = {isa = PBXFileReference; fileEncoding = 4; lastKnownFileType = file.xib; path = DemoCollectionViewCell.xib; sourceTree = "<group>"; };
		582E97A8217FD16000B226FD /* DemoCollectionViewCell.swift */ = {isa = PBXFileReference; fileEncoding = 4; lastKnownFileType = sourcecode.swift; path = DemoCollectionViewCell.swift; sourceTree = "<group>"; };
		582E97A9217FD16000B226FD /* FavoriteVC.swift */ = {isa = PBXFileReference; fileEncoding = 4; lastKnownFileType = sourcecode.swift; path = FavoriteVC.swift; sourceTree = "<group>"; };
		582E97AD218153FB00B226FD /* favoriteTBC.swift */ = {isa = PBXFileReference; lastKnownFileType = sourcecode.swift; path = favoriteTBC.swift; sourceTree = "<group>"; };
		582E97B0218155C700B226FD /* AnimationBarButton.swift */ = {isa = PBXFileReference; fileEncoding = 4; lastKnownFileType = sourcecode.swift; path = AnimationBarButton.swift; sourceTree = "<group>"; };
		582E97B2218155C700B226FD /* Rotatable.swift */ = {isa = PBXFileReference; fileEncoding = 4; lastKnownFileType = sourcecode.swift; path = Rotatable.swift; sourceTree = "<group>"; };
		68336328352F54441C9F71E0 /* Pods-LipstickTests.debug.xcconfig */ = {isa = PBXFileReference; includeInIndex = 1; lastKnownFileType = text.xcconfig; name = "Pods-LipstickTests.debug.xcconfig"; path = "Pods/Target Support Files/Pods-LipstickTests/Pods-LipstickTests.debug.xcconfig"; sourceTree = "<group>"; };
		69664916DCD62A4A1D2871D9 /* Pods-LipstickTests.release.xcconfig */ = {isa = PBXFileReference; includeInIndex = 1; lastKnownFileType = text.xcconfig; name = "Pods-LipstickTests.release.xcconfig"; path = "Pods/Target Support Files/Pods-LipstickTests/Pods-LipstickTests.release.xcconfig"; sourceTree = "<group>"; };
		7080AC8921117A5F006C2B60 /* CatagoriesController.swift */ = {isa = PBXFileReference; lastKnownFileType = sourcecode.swift; path = CatagoriesController.swift; sourceTree = "<group>"; };
		7080ACC621119071006C2B60 /* LipstickDetailController.swift */ = {isa = PBXFileReference; lastKnownFileType = sourcecode.swift; path = LipstickDetailController.swift; sourceTree = "<group>"; };
		7080ACDA21187F29006C2B60 /* WobbleAnimator.swift */ = {isa = PBXFileReference; fileEncoding = 4; lastKnownFileType = sourcecode.swift; path = WobbleAnimator.swift; sourceTree = "<group>"; };
		709FDF11210EC5B1000604C3 /* Lipstick.app */ = {isa = PBXFileReference; explicitFileType = wrapper.application; includeInIndex = 0; path = Lipstick.app; sourceTree = BUILT_PRODUCTS_DIR; };
		709FDF14210EC5B1000604C3 /* AppDelegate.swift */ = {isa = PBXFileReference; lastKnownFileType = sourcecode.swift; path = AppDelegate.swift; sourceTree = "<group>"; };
		709FDF16210EC5B1000604C3 /* BrandController.swift */ = {isa = PBXFileReference; lastKnownFileType = sourcecode.swift; path = BrandController.swift; sourceTree = "<group>"; };
		709FDF19210EC5B1000604C3 /* Base */ = {isa = PBXFileReference; lastKnownFileType = file.storyboard; name = Base; path = Base.lproj/Main.storyboard; sourceTree = "<group>"; };
		709FDF1C210EC5B1000604C3 /* Lipstick.xcdatamodel */ = {isa = PBXFileReference; lastKnownFileType = wrapper.xcdatamodel; path = Lipstick.xcdatamodel; sourceTree = "<group>"; };
		709FDF1E210EC5B1000604C3 /* Assets.xcassets */ = {isa = PBXFileReference; lastKnownFileType = folder.assetcatalog; path = Assets.xcassets; sourceTree = "<group>"; };
		709FDF21210EC5B1000604C3 /* Base */ = {isa = PBXFileReference; lastKnownFileType = file.storyboard; name = Base; path = Base.lproj/LaunchScreen.storyboard; sourceTree = "<group>"; };
		709FDF23210EC5B1000604C3 /* Info.plist */ = {isa = PBXFileReference; lastKnownFileType = text.plist.xml; path = Info.plist; sourceTree = "<group>"; };
		709FDF28210EC5B1000604C3 /* LipstickTests.xctest */ = {isa = PBXFileReference; explicitFileType = wrapper.cfbundle; includeInIndex = 0; path = LipstickTests.xctest; sourceTree = BUILT_PRODUCTS_DIR; };
		709FDF2C210EC5B1000604C3 /* LipstickTests.swift */ = {isa = PBXFileReference; lastKnownFileType = sourcecode.swift; path = LipstickTests.swift; sourceTree = "<group>"; };
		709FDF2E210EC5B1000604C3 /* Info.plist */ = {isa = PBXFileReference; lastKnownFileType = text.plist.xml; path = Info.plist; sourceTree = "<group>"; };
		709FDF33210EC5B1000604C3 /* LipstickUITests.xctest */ = {isa = PBXFileReference; explicitFileType = wrapper.cfbundle; includeInIndex = 0; path = LipstickUITests.xctest; sourceTree = BUILT_PRODUCTS_DIR; };
		709FDF37210EC5B1000604C3 /* LipstickUITests.swift */ = {isa = PBXFileReference; lastKnownFileType = sourcecode.swift; path = LipstickUITests.swift; sourceTree = "<group>"; };
		709FDF39210EC5B1000604C3 /* Info.plist */ = {isa = PBXFileReference; lastKnownFileType = text.plist.xml; path = Info.plist; sourceTree = "<group>"; };
		709FDF46210ECFDC000604C3 /* BrandCollectionViewCell.swift */ = {isa = PBXFileReference; lastKnownFileType = sourcecode.swift; path = BrandCollectionViewCell.swift; sourceTree = "<group>"; };
		70AE24F621601C8500DC6907 /* GoogleService-Info.plist */ = {isa = PBXFileReference; fileEncoding = 4; lastKnownFileType = text.plist.xml; path = "GoogleService-Info.plist"; sourceTree = "<group>"; };
		70AE24FC2161E6A800DC6907 /* mainTab.swift */ = {isa = PBXFileReference; lastKnownFileType = sourcecode.swift; path = mainTab.swift; sourceTree = "<group>"; };
		70AE24FF2161EAB000DC6907 /* AllLipsticksVC.swift */ = {isa = PBXFileReference; lastKnownFileType = sourcecode.swift; path = AllLipsticksVC.swift; sourceTree = "<group>"; };
		70AE25032161ECF600DC6907 /* ColourboardVC.swift */ = {isa = PBXFileReference; lastKnownFileType = sourcecode.swift; path = ColourboardVC.swift; sourceTree = "<group>"; };
		70AE2508216424D300DC6907 /* SettingsVC.swift */ = {isa = PBXFileReference; lastKnownFileType = sourcecode.swift; path = SettingsVC.swift; sourceTree = "<group>"; };
		70EB782F219D416100593291 /* CollectionVC.swift */ = {isa = PBXFileReference; lastKnownFileType = sourcecode.swift; path = CollectionVC.swift; sourceTree = "<group>"; };
		70FDBA5721FAC5AD00D27726 /* TBCCell.swift */ = {isa = PBXFileReference; lastKnownFileType = sourcecode.swift; path = TBCCell.swift; sourceTree = "<group>"; };
		9483F08E54ED67B662180B2E /* Pods-LipstickUITests.debug.xcconfig */ = {isa = PBXFileReference; includeInIndex = 1; lastKnownFileType = text.xcconfig; name = "Pods-LipstickUITests.debug.xcconfig"; path = "Pods/Target Support Files/Pods-LipstickUITests/Pods-LipstickUITests.debug.xcconfig"; sourceTree = "<group>"; };
		C0C9BBFB4ED0BF96879CEAA9 /* Pods-LipstickUITests.release.xcconfig */ = {isa = PBXFileReference; includeInIndex = 1; lastKnownFileType = text.xcconfig; name = "Pods-LipstickUITests.release.xcconfig"; path = "Pods/Target Support Files/Pods-LipstickUITests/Pods-LipstickUITests.release.xcconfig"; sourceTree = "<group>"; };
		D1FBA2CE0355B4BD1B7C5977 /* Pods-Lipstick.release.xcconfig */ = {isa = PBXFileReference; includeInIndex = 1; lastKnownFileType = text.xcconfig; name = "Pods-Lipstick.release.xcconfig"; path = "Pods/Target Support Files/Pods-Lipstick/Pods-Lipstick.release.xcconfig"; sourceTree = "<group>"; };
		ED924BD878E7A3FC90BFEE79 /* Pods_Lipstick.framework */ = {isa = PBXFileReference; explicitFileType = wrapper.framework; includeInIndex = 0; path = Pods_Lipstick.framework; sourceTree = BUILT_PRODUCTS_DIR; };
/* End PBXFileReference section */

/* Begin PBXFrameworksBuildPhase section */
		709FDF0E210EC5B1000604C3 /* Frameworks */ = {
			isa = PBXFrameworksBuildPhase;
			buildActionMask = 2147483647;
			files = (
				A1D210FEACC1490862F36665 /* Pods_Lipstick.framework in Frameworks */,
			);
			runOnlyForDeploymentPostprocessing = 0;
		};
		709FDF25210EC5B1000604C3 /* Frameworks */ = {
			isa = PBXFrameworksBuildPhase;
			buildActionMask = 2147483647;
			files = (
				10EC9B487357A76ACCC87F59 /* Pods_LipstickTests.framework in Frameworks */,
			);
			runOnlyForDeploymentPostprocessing = 0;
		};
		709FDF30210EC5B1000604C3 /* Frameworks */ = {
			isa = PBXFrameworksBuildPhase;
			buildActionMask = 2147483647;
			files = (
				AEE14A100F520C1C60F7D7BA /* Pods_LipstickUITests.framework in Frameworks */,
			);
			runOnlyForDeploymentPostprocessing = 0;
		};
/* End PBXFrameworksBuildPhase section */

/* Begin PBXGroup section */
		582E97A6217FD16000B226FD /* Cells */ = {
			isa = PBXGroup;
			children = (
				582E97A7217FD16000B226FD /* DemoCollectionViewCell.xib */,
				582E97A8217FD16000B226FD /* DemoCollectionViewCell.swift */,
			);
			path = Cells;
			sourceTree = "<group>";
		};
		582E97AF218155C700B226FD /* AnimatingBarButton */ = {
			isa = PBXGroup;
			children = (
				582E97B0218155C700B226FD /* AnimationBarButton.swift */,
				582E97B1218155C700B226FD /* Animations */,
			);
			path = AnimatingBarButton;
			sourceTree = "<group>";
		};
		582E97B1218155C700B226FD /* Animations */ = {
			isa = PBXGroup;
			children = (
				582E97B2218155C700B226FD /* Rotatable.swift */,
			);
			path = Animations;
			sourceTree = "<group>";
		};
		669FE1387BE65B067BFB34AD /* Pods */ = {
			isa = PBXGroup;
			children = (
				36430D6D5C9FC39444DC5A13 /* Pods-Lipstick.debug.xcconfig */,
				D1FBA2CE0355B4BD1B7C5977 /* Pods-Lipstick.release.xcconfig */,
				68336328352F54441C9F71E0 /* Pods-LipstickTests.debug.xcconfig */,
				69664916DCD62A4A1D2871D9 /* Pods-LipstickTests.release.xcconfig */,
				9483F08E54ED67B662180B2E /* Pods-LipstickUITests.debug.xcconfig */,
				C0C9BBFB4ED0BF96879CEAA9 /* Pods-LipstickUITests.release.xcconfig */,
			);
			name = Pods;
			sourceTree = "<group>";
		};
		7080AC8721113BD4006C2B60 /* Catagories */ = {
			isa = PBXGroup;
			children = (
				7080AC8921117A5F006C2B60 /* CatagoriesController.swift */,
			);
			path = Catagories;
			sourceTree = "<group>";
		};
		7080AC8821113BED006C2B60 /* LipstickDetail */ = {
			isa = PBXGroup;
			children = (
				7080ACC621119071006C2B60 /* LipstickDetailController.swift */,
			);
			path = LipstickDetail;
			sourceTree = "<group>";
		};
		709FDF08210EC5B1000604C3 = {
			isa = PBXGroup;
			children = (
				709FDF13210EC5B1000604C3 /* Lipstick */,
				709FDF2B210EC5B1000604C3 /* LipstickTests */,
				709FDF36210EC5B1000604C3 /* LipstickUITests */,
				709FDF12210EC5B1000604C3 /* Products */,
				669FE1387BE65B067BFB34AD /* Pods */,
				B4E783EE85046A80AC27AB6B /* Frameworks */,
			);
			sourceTree = "<group>";
		};
		709FDF12210EC5B1000604C3 /* Products */ = {
			isa = PBXGroup;
			children = (
				709FDF11210EC5B1000604C3 /* Lipstick.app */,
				709FDF28210EC5B1000604C3 /* LipstickTests.xctest */,
				709FDF33210EC5B1000604C3 /* LipstickUITests.xctest */,
			);
			name = Products;
			sourceTree = "<group>";
		};
		709FDF13210EC5B1000604C3 /* Lipstick */ = {
			isa = PBXGroup;
			children = (
				709FDF14210EC5B1000604C3 /* AppDelegate.swift */,
				70AE2507216424BB00DC6907 /* Settings */,
				70AE24FE2161EA8100DC6907 /* AllProducts */,
				7080AC8821113BED006C2B60 /* LipstickDetail */,
				7080AC8721113BD4006C2B60 /* Catagories */,
				70AE25022161ECD800DC6907 /* Colourboard */,
				70AE25012161ECB100DC6907 /* Favorite */,
				709FDF45210ECF55000604C3 /* Brands */,
				709FDF18210EC5B1000604C3 /* Main.storyboard */,
				70AE24FC2161E6A800DC6907 /* mainTab.swift */,
				709FDF1E210EC5B1000604C3 /* Assets.xcassets */,
				709FDF20210EC5B1000604C3 /* LaunchScreen.storyboard */,
				709FDF23210EC5B1000604C3 /* Info.plist */,
				70AE24F621601C8500DC6907 /* GoogleService-Info.plist */,
				709FDF1B210EC5B1000604C3 /* Lipstick.xcdatamodeld */,
			);
			path = Lipstick;
			sourceTree = "<group>";
		};
		709FDF2B210EC5B1000604C3 /* LipstickTests */ = {
			isa = PBXGroup;
			children = (
				709FDF2C210EC5B1000604C3 /* LipstickTests.swift */,
				709FDF2E210EC5B1000604C3 /* Info.plist */,
			);
			path = LipstickTests;
			sourceTree = "<group>";
		};
		709FDF36210EC5B1000604C3 /* LipstickUITests */ = {
			isa = PBXGroup;
			children = (
				709FDF37210EC5B1000604C3 /* LipstickUITests.swift */,
				709FDF39210EC5B1000604C3 /* Info.plist */,
			);
			path = LipstickUITests;
			sourceTree = "<group>";
		};
		709FDF45210ECF55000604C3 /* Brands */ = {
			isa = PBXGroup;
			children = (
				7080ACDA21187F29006C2B60 /* WobbleAnimator.swift */,
				709FDF16210EC5B1000604C3 /* BrandController.swift */,
				709FDF46210ECFDC000604C3 /* BrandCollectionViewCell.swift */,
			);
			path = Brands;
			sourceTree = "<group>";
		};
		70AE24FE2161EA8100DC6907 /* AllProducts */ = {
			isa = PBXGroup;
			children = (
				70AE24FF2161EAB000DC6907 /* AllLipsticksVC.swift */,
			);
			path = AllProducts;
			sourceTree = "<group>";
		};
		70AE25012161ECB100DC6907 /* Favorite */ = {
			isa = PBXGroup;
			children = (
				582E97AF218155C700B226FD /* AnimatingBarButton */,
				582E97A6217FD16000B226FD /* Cells */,
				582E97A9217FD16000B226FD /* FavoriteVC.swift */,
				582E97AD218153FB00B226FD /* favoriteTBC.swift */,
				70EB782F219D416100593291 /* CollectionVC.swift */,
				70FDBA5721FAC5AD00D27726 /* TBCCell.swift */,
			);
			path = Favorite;
			sourceTree = "<group>";
		};
		70AE25022161ECD800DC6907 /* Colourboard */ = {
			isa = PBXGroup;
			children = (
				70AE25032161ECF600DC6907 /* ColourboardVC.swift */,
			);
			path = Colourboard;
			sourceTree = "<group>";
		};
		70AE2507216424BB00DC6907 /* Settings */ = {
			isa = PBXGroup;
			children = (
				70AE2508216424D300DC6907 /* SettingsVC.swift */,
			);
			path = Settings;
			sourceTree = "<group>";
		};
		B4E783EE85046A80AC27AB6B /* Frameworks */ = {
			isa = PBXGroup;
			children = (
				ED924BD878E7A3FC90BFEE79 /* Pods_Lipstick.framework */,
				0D36D7E305134F4E0731FFA2 /* Pods_LipstickTests.framework */,
				2479714012616E945C8AFA40 /* Pods_LipstickUITests.framework */,
			);
			name = Frameworks;
			sourceTree = "<group>";
		};
/* End PBXGroup section */

/* Begin PBXNativeTarget section */
		709FDF10210EC5B1000604C3 /* Lipstick */ = {
			isa = PBXNativeTarget;
			buildConfigurationList = 709FDF3C210EC5B1000604C3 /* Build configuration list for PBXNativeTarget "Lipstick" */;
			buildPhases = (
				113CF7E50F870A23432FDC29 /* [CP] Check Pods Manifest.lock */,
				709FDF0D210EC5B1000604C3 /* Sources */,
				709FDF0E210EC5B1000604C3 /* Frameworks */,
				709FDF0F210EC5B1000604C3 /* Resources */,
				968664374BA85CC216CC495D /* [CP] Embed Pods Frameworks */,
			);
			buildRules = (
			);
			dependencies = (
			);
			name = Lipstick;
			productName = Lipstick;
			productReference = 709FDF11210EC5B1000604C3 /* Lipstick.app */;
			productType = "com.apple.product-type.application";
		};
		709FDF27210EC5B1000604C3 /* LipstickTests */ = {
			isa = PBXNativeTarget;
			buildConfigurationList = 709FDF3F210EC5B1000604C3 /* Build configuration list for PBXNativeTarget "LipstickTests" */;
			buildPhases = (
				06149CF282138D5ADC3B9842 /* [CP] Check Pods Manifest.lock */,
				709FDF24210EC5B1000604C3 /* Sources */,
				709FDF25210EC5B1000604C3 /* Frameworks */,
				709FDF26210EC5B1000604C3 /* Resources */,
			);
			buildRules = (
			);
			dependencies = (
				709FDF2A210EC5B1000604C3 /* PBXTargetDependency */,
			);
			name = LipstickTests;
			productName = LipstickTests;
			productReference = 709FDF28210EC5B1000604C3 /* LipstickTests.xctest */;
			productType = "com.apple.product-type.bundle.unit-test";
		};
		709FDF32210EC5B1000604C3 /* LipstickUITests */ = {
			isa = PBXNativeTarget;
			buildConfigurationList = 709FDF42210EC5B1000604C3 /* Build configuration list for PBXNativeTarget "LipstickUITests" */;
			buildPhases = (
				C91A9FC394CD1206E9459C62 /* [CP] Check Pods Manifest.lock */,
				709FDF2F210EC5B1000604C3 /* Sources */,
				709FDF30210EC5B1000604C3 /* Frameworks */,
				709FDF31210EC5B1000604C3 /* Resources */,
			);
			buildRules = (
			);
			dependencies = (
				709FDF35210EC5B1000604C3 /* PBXTargetDependency */,
			);
			name = LipstickUITests;
			productName = LipstickUITests;
			productReference = 709FDF33210EC5B1000604C3 /* LipstickUITests.xctest */;
			productType = "com.apple.product-type.bundle.ui-testing";
		};
/* End PBXNativeTarget section */

/* Begin PBXProject section */
		709FDF09210EC5B1000604C3 /* Project object */ = {
			isa = PBXProject;
			attributes = {
				LastSwiftUpdateCheck = 0920;
				LastUpgradeCheck = 0920;
				ORGANIZATIONNAME = joylink;
				TargetAttributes = {
					709FDF10210EC5B1000604C3 = {
						CreatedOnToolsVersion = 9.2;
						ProvisioningStyle = Automatic;
					};
					709FDF27210EC5B1000604C3 = {
						CreatedOnToolsVersion = 9.2;
						ProvisioningStyle = Automatic;
						TestTargetID = 709FDF10210EC5B1000604C3;
					};
					709FDF32210EC5B1000604C3 = {
						CreatedOnToolsVersion = 9.2;
						ProvisioningStyle = Automatic;
						TestTargetID = 709FDF10210EC5B1000604C3;
					};
				};
			};
			buildConfigurationList = 709FDF0C210EC5B1000604C3 /* Build configuration list for PBXProject "Lipstick" */;
			compatibilityVersion = "Xcode 8.0";
			developmentRegion = en;
			hasScannedForEncodings = 0;
			knownRegions = (
				en,
				Base,
			);
			mainGroup = 709FDF08210EC5B1000604C3;
			productRefGroup = 709FDF12210EC5B1000604C3 /* Products */;
			projectDirPath = "";
			projectRoot = "";
			targets = (
				709FDF10210EC5B1000604C3 /* Lipstick */,
				709FDF27210EC5B1000604C3 /* LipstickTests */,
				709FDF32210EC5B1000604C3 /* LipstickUITests */,
			);
		};
/* End PBXProject section */

/* Begin PBXResourcesBuildPhase section */
		709FDF0F210EC5B1000604C3 /* Resources */ = {
			isa = PBXResourcesBuildPhase;
			buildActionMask = 2147483647;
			files = (
				582E97AA217FD16000B226FD /* DemoCollectionViewCell.xib in Resources */,
				709FDF22210EC5B1000604C3 /* LaunchScreen.storyboard in Resources */,
				70AE24F721601C8500DC6907 /* GoogleService-Info.plist in Resources */,
				709FDF1F210EC5B1000604C3 /* Assets.xcassets in Resources */,
				709FDF1A210EC5B1000604C3 /* Main.storyboard in Resources */,
			);
			runOnlyForDeploymentPostprocessing = 0;
		};
		709FDF26210EC5B1000604C3 /* Resources */ = {
			isa = PBXResourcesBuildPhase;
			buildActionMask = 2147483647;
			files = (
			);
			runOnlyForDeploymentPostprocessing = 0;
		};
		709FDF31210EC5B1000604C3 /* Resources */ = {
			isa = PBXResourcesBuildPhase;
			buildActionMask = 2147483647;
			files = (
			);
			runOnlyForDeploymentPostprocessing = 0;
		};
/* End PBXResourcesBuildPhase section */

/* Begin PBXShellScriptBuildPhase section */
		06149CF282138D5ADC3B9842 /* [CP] Check Pods Manifest.lock */ = {
			isa = PBXShellScriptBuildPhase;
			buildActionMask = 2147483647;
			files = (
			);
			inputPaths = (
				"${PODS_PODFILE_DIR_PATH}/Podfile.lock",
				"${PODS_ROOT}/Manifest.lock",
			);
			name = "[CP] Check Pods Manifest.lock";
			outputPaths = (
				"$(DERIVED_FILE_DIR)/Pods-LipstickTests-checkManifestLockResult.txt",
			);
			runOnlyForDeploymentPostprocessing = 0;
			shellPath = /bin/sh;
			shellScript = "diff \"${PODS_PODFILE_DIR_PATH}/Podfile.lock\" \"${PODS_ROOT}/Manifest.lock\" > /dev/null\nif [ $? != 0 ] ; then\n    # print error to STDERR\n    echo \"error: The sandbox is not in sync with the Podfile.lock. Run 'pod install' or update your CocoaPods installation.\" >&2\n    exit 1\nfi\n# This output is used by Xcode 'outputs' to avoid re-running this script phase.\necho \"SUCCESS\" > \"${SCRIPT_OUTPUT_FILE_0}\"\n";
			showEnvVarsInLog = 0;
		};
		113CF7E50F870A23432FDC29 /* [CP] Check Pods Manifest.lock */ = {
			isa = PBXShellScriptBuildPhase;
			buildActionMask = 2147483647;
			files = (
			);
			inputPaths = (
				"${PODS_PODFILE_DIR_PATH}/Podfile.lock",
				"${PODS_ROOT}/Manifest.lock",
			);
			name = "[CP] Check Pods Manifest.lock";
			outputPaths = (
				"$(DERIVED_FILE_DIR)/Pods-Lipstick-checkManifestLockResult.txt",
			);
			runOnlyForDeploymentPostprocessing = 0;
			shellPath = /bin/sh;
			shellScript = "diff \"${PODS_PODFILE_DIR_PATH}/Podfile.lock\" \"${PODS_ROOT}/Manifest.lock\" > /dev/null\nif [ $? != 0 ] ; then\n    # print error to STDERR\n    echo \"error: The sandbox is not in sync with the Podfile.lock. Run 'pod install' or update your CocoaPods installation.\" >&2\n    exit 1\nfi\n# This output is used by Xcode 'outputs' to avoid re-running this script phase.\necho \"SUCCESS\" > \"${SCRIPT_OUTPUT_FILE_0}\"\n";
			showEnvVarsInLog = 0;
		};
		968664374BA85CC216CC495D /* [CP] Embed Pods Frameworks */ = {
			isa = PBXShellScriptBuildPhase;
			buildActionMask = 2147483647;
			files = (
			);
			inputPaths = (
				"${SRCROOT}/Pods/Target Support Files/Pods-Lipstick/Pods-Lipstick-frameworks.sh",
				"${BUILT_PRODUCTS_DIR}/CollectionKit/CollectionKit.framework",
				"${BUILT_PRODUCTS_DIR}/DAOSearchBar/DAOSearchBar.framework",
				"${BUILT_PRODUCTS_DIR}/FLAnimatedImage/FLAnimatedImage.framework",
				"${BUILT_PRODUCTS_DIR}/FaveButton/FaveButton.framework",
				"${BUILT_PRODUCTS_DIR}/GoogleUtilities/GoogleUtilities.framework",
				"${BUILT_PRODUCTS_DIR}/PINCache/PINCache.framework",
				"${BUILT_PRODUCTS_DIR}/PINRemoteImage/PINRemoteImage.framework",
				"${BUILT_PRODUCTS_DIR}/ReactiveCocoa/ReactiveCocoa.framework",
				"${BUILT_PRODUCTS_DIR}/ReactiveSwift/ReactiveSwift.framework",
				"${BUILT_PRODUCTS_DIR}/Result/Result.framework",
				"${BUILT_PRODUCTS_DIR}/SDWebImage/SDWebImage.framework",
				"${BUILT_PRODUCTS_DIR}/SwiftyJSON/SwiftyJSON.framework",
				"${BUILT_PRODUCTS_DIR}/UIEmptyState/UIEmptyState.framework",
				"${BUILT_PRODUCTS_DIR}/YetAnotherAnimationLibrary/YetAnotherAnimationLibrary.framework",
				"${BUILT_PRODUCTS_DIR}/expanding-collection/expanding_collection.framework",
				"${BUILT_PRODUCTS_DIR}/leveldb-library/leveldb.framework",
				"${BUILT_PRODUCTS_DIR}/nanopb/nanopb.framework",
			);
			name = "[CP] Embed Pods Frameworks";
			outputPaths = (
				"${TARGET_BUILD_DIR}/${FRAMEWORKS_FOLDER_PATH}/CollectionKit.framework",
				"${TARGET_BUILD_DIR}/${FRAMEWORKS_FOLDER_PATH}/DAOSearchBar.framework",
				"${TARGET_BUILD_DIR}/${FRAMEWORKS_FOLDER_PATH}/FLAnimatedImage.framework",
				"${TARGET_BUILD_DIR}/${FRAMEWORKS_FOLDER_PATH}/FaveButton.framework",
				"${TARGET_BUILD_DIR}/${FRAMEWORKS_FOLDER_PATH}/GoogleUtilities.framework",
				"${TARGET_BUILD_DIR}/${FRAMEWORKS_FOLDER_PATH}/PINCache.framework",
				"${TARGET_BUILD_DIR}/${FRAMEWORKS_FOLDER_PATH}/PINRemoteImage.framework",
				"${TARGET_BUILD_DIR}/${FRAMEWORKS_FOLDER_PATH}/ReactiveCocoa.framework",
				"${TARGET_BUILD_DIR}/${FRAMEWORKS_FOLDER_PATH}/ReactiveSwift.framework",
				"${TARGET_BUILD_DIR}/${FRAMEWORKS_FOLDER_PATH}/Result.framework",
				"${TARGET_BUILD_DIR}/${FRAMEWORKS_FOLDER_PATH}/SDWebImage.framework",
				"${TARGET_BUILD_DIR}/${FRAMEWORKS_FOLDER_PATH}/SwiftyJSON.framework",
				"${TARGET_BUILD_DIR}/${FRAMEWORKS_FOLDER_PATH}/UIEmptyState.framework",
				"${TARGET_BUILD_DIR}/${FRAMEWORKS_FOLDER_PATH}/YetAnotherAnimationLibrary.framework",
				"${TARGET_BUILD_DIR}/${FRAMEWORKS_FOLDER_PATH}/expanding_collection.framework",
				"${TARGET_BUILD_DIR}/${FRAMEWORKS_FOLDER_PATH}/leveldb.framework",
				"${TARGET_BUILD_DIR}/${FRAMEWORKS_FOLDER_PATH}/nanopb.framework",
			);
			runOnlyForDeploymentPostprocessing = 0;
			shellPath = /bin/sh;
			shellScript = "\"${SRCROOT}/Pods/Target Support Files/Pods-Lipstick/Pods-Lipstick-frameworks.sh\"\n";
			showEnvVarsInLog = 0;
		};
		C91A9FC394CD1206E9459C62 /* [CP] Check Pods Manifest.lock */ = {
			isa = PBXShellScriptBuildPhase;
			buildActionMask = 2147483647;
			files = (
			);
			inputPaths = (
				"${PODS_PODFILE_DIR_PATH}/Podfile.lock",
				"${PODS_ROOT}/Manifest.lock",
			);
			name = "[CP] Check Pods Manifest.lock";
			outputPaths = (
				"$(DERIVED_FILE_DIR)/Pods-LipstickUITests-checkManifestLockResult.txt",
			);
			runOnlyForDeploymentPostprocessing = 0;
			shellPath = /bin/sh;
			shellScript = "diff \"${PODS_PODFILE_DIR_PATH}/Podfile.lock\" \"${PODS_ROOT}/Manifest.lock\" > /dev/null\nif [ $? != 0 ] ; then\n    # print error to STDERR\n    echo \"error: The sandbox is not in sync with the Podfile.lock. Run 'pod install' or update your CocoaPods installation.\" >&2\n    exit 1\nfi\n# This output is used by Xcode 'outputs' to avoid re-running this script phase.\necho \"SUCCESS\" > \"${SCRIPT_OUTPUT_FILE_0}\"\n";
			showEnvVarsInLog = 0;
		};
/* End PBXShellScriptBuildPhase section */

/* Begin PBXSourcesBuildPhase section */
		709FDF0D210EC5B1000604C3 /* Sources */ = {
			isa = PBXSourcesBuildPhase;
			buildActionMask = 2147483647;
			files = (
				582E97AB217FD16000B226FD /* DemoCollectionViewCell.swift in Sources */,
				709FDF1D210EC5B1000604C3 /* Lipstick.xcdatamodeld in Sources */,
				709FDF17210EC5B1000604C3 /* BrandController.swift in Sources */,
				709FDF47210ECFDC000604C3 /* BrandCollectionViewCell.swift in Sources */,
				709FDF15210EC5B1000604C3 /* AppDelegate.swift in Sources */,
				70FDBA5821FAC5AD00D27726 /* TBCCell.swift in Sources */,
				70AE2509216424D300DC6907 /* SettingsVC.swift in Sources */,
				70AE25002161EAB000DC6907 /* AllLipsticksVC.swift in Sources */,
				582E97B3218155C700B226FD /* AnimationBarButton.swift in Sources */,
				582E97B4218155C700B226FD /* Rotatable.swift in Sources */,
				70EB7830219D416100593291 /* CollectionVC.swift in Sources */,
				582E97AE218153FB00B226FD /* favoriteTBC.swift in Sources */,
				70AE24FD2161E6A800DC6907 /* mainTab.swift in Sources */,
				7080ACDB21187F2A006C2B60 /* WobbleAnimator.swift in Sources */,
				7080AC8A21117A5F006C2B60 /* CatagoriesController.swift in Sources */,
				582E97AC217FD16000B226FD /* FavoriteVC.swift in Sources */,
				7080ACC721119071006C2B60 /* LipstickDetailController.swift in Sources */,
				70AE25042161ECF600DC6907 /* ColourboardVC.swift in Sources */,
			);
			runOnlyForDeploymentPostprocessing = 0;
		};
		709FDF24210EC5B1000604C3 /* Sources */ = {
			isa = PBXSourcesBuildPhase;
			buildActionMask = 2147483647;
			files = (
				709FDF2D210EC5B1000604C3 /* LipstickTests.swift in Sources */,
			);
			runOnlyForDeploymentPostprocessing = 0;
		};
		709FDF2F210EC5B1000604C3 /* Sources */ = {
			isa = PBXSourcesBuildPhase;
			buildActionMask = 2147483647;
			files = (
				709FDF38210EC5B1000604C3 /* LipstickUITests.swift in Sources */,
			);
			runOnlyForDeploymentPostprocessing = 0;
		};
/* End PBXSourcesBuildPhase section */

/* Begin PBXTargetDependency section */
		709FDF2A210EC5B1000604C3 /* PBXTargetDependency */ = {
			isa = PBXTargetDependency;
			target = 709FDF10210EC5B1000604C3 /* Lipstick */;
			targetProxy = 709FDF29210EC5B1000604C3 /* PBXContainerItemProxy */;
		};
		709FDF35210EC5B1000604C3 /* PBXTargetDependency */ = {
			isa = PBXTargetDependency;
			target = 709FDF10210EC5B1000604C3 /* Lipstick */;
			targetProxy = 709FDF34210EC5B1000604C3 /* PBXContainerItemProxy */;
		};
/* End PBXTargetDependency section */

/* Begin PBXVariantGroup section */
		709FDF18210EC5B1000604C3 /* Main.storyboard */ = {
			isa = PBXVariantGroup;
			children = (
				709FDF19210EC5B1000604C3 /* Base */,
			);
			name = Main.storyboard;
			sourceTree = "<group>";
		};
		709FDF20210EC5B1000604C3 /* LaunchScreen.storyboard */ = {
			isa = PBXVariantGroup;
			children = (
				709FDF21210EC5B1000604C3 /* Base */,
			);
			name = LaunchScreen.storyboard;
			sourceTree = "<group>";
		};
/* End PBXVariantGroup section */

/* Begin XCBuildConfiguration section */
		709FDF3A210EC5B1000604C3 /* Debug */ = {
			isa = XCBuildConfiguration;
			buildSettings = {
				ALWAYS_SEARCH_USER_PATHS = NO;
				CLANG_ANALYZER_NONNULL = YES;
				CLANG_ANALYZER_NUMBER_OBJECT_CONVERSION = YES_AGGRESSIVE;
				CLANG_CXX_LANGUAGE_STANDARD = "gnu++14";
				CLANG_CXX_LIBRARY = "libc++";
				CLANG_ENABLE_MODULES = YES;
				CLANG_ENABLE_OBJC_ARC = YES;
				CLANG_WARN_BLOCK_CAPTURE_AUTORELEASING = YES;
				CLANG_WARN_BOOL_CONVERSION = YES;
				CLANG_WARN_COMMA = YES;
				CLANG_WARN_CONSTANT_CONVERSION = YES;
				CLANG_WARN_DIRECT_OBJC_ISA_USAGE = YES_ERROR;
				CLANG_WARN_DOCUMENTATION_COMMENTS = YES;
				CLANG_WARN_EMPTY_BODY = YES;
				CLANG_WARN_ENUM_CONVERSION = YES;
				CLANG_WARN_INFINITE_RECURSION = YES;
				CLANG_WARN_INT_CONVERSION = YES;
				CLANG_WARN_NON_LITERAL_NULL_CONVERSION = YES;
				CLANG_WARN_OBJC_LITERAL_CONVERSION = YES;
				CLANG_WARN_OBJC_ROOT_CLASS = YES_ERROR;
				CLANG_WARN_RANGE_LOOP_ANALYSIS = YES;
				CLANG_WARN_STRICT_PROTOTYPES = YES;
				CLANG_WARN_SUSPICIOUS_MOVE = YES;
				CLANG_WARN_UNGUARDED_AVAILABILITY = YES_AGGRESSIVE;
				CLANG_WARN_UNREACHABLE_CODE = YES;
				CLANG_WARN__DUPLICATE_METHOD_MATCH = YES;
				CODE_SIGN_IDENTITY = "iPhone Developer";
				COPY_PHASE_STRIP = NO;
				DEBUG_INFORMATION_FORMAT = dwarf;
				ENABLE_STRICT_OBJC_MSGSEND = YES;
				ENABLE_TESTABILITY = YES;
				GCC_C_LANGUAGE_STANDARD = gnu11;
				GCC_DYNAMIC_NO_PIC = NO;
				GCC_NO_COMMON_BLOCKS = YES;
				GCC_OPTIMIZATION_LEVEL = 0;
				GCC_PREPROCESSOR_DEFINITIONS = (
					"DEBUG=1",
					"$(inherited)",
				);
				GCC_WARN_64_TO_32_BIT_CONVERSION = YES;
				GCC_WARN_ABOUT_RETURN_TYPE = YES_ERROR;
				GCC_WARN_UNDECLARED_SELECTOR = YES;
				GCC_WARN_UNINITIALIZED_AUTOS = YES_AGGRESSIVE;
				GCC_WARN_UNUSED_FUNCTION = YES;
				GCC_WARN_UNUSED_VARIABLE = YES;
				IPHONEOS_DEPLOYMENT_TARGET = 11.2;
				MTL_ENABLE_DEBUG_INFO = YES;
				ONLY_ACTIVE_ARCH = YES;
				SDKROOT = iphoneos;
				SWIFT_ACTIVE_COMPILATION_CONDITIONS = DEBUG;
				SWIFT_OPTIMIZATION_LEVEL = "-Onone";
			};
			name = Debug;
		};
		709FDF3B210EC5B1000604C3 /* Release */ = {
			isa = XCBuildConfiguration;
			buildSettings = {
				ALWAYS_SEARCH_USER_PATHS = NO;
				CLANG_ANALYZER_NONNULL = YES;
				CLANG_ANALYZER_NUMBER_OBJECT_CONVERSION = YES_AGGRESSIVE;
				CLANG_CXX_LANGUAGE_STANDARD = "gnu++14";
				CLANG_CXX_LIBRARY = "libc++";
				CLANG_ENABLE_MODULES = YES;
				CLANG_ENABLE_OBJC_ARC = YES;
				CLANG_WARN_BLOCK_CAPTURE_AUTORELEASING = YES;
				CLANG_WARN_BOOL_CONVERSION = YES;
				CLANG_WARN_COMMA = YES;
				CLANG_WARN_CONSTANT_CONVERSION = YES;
				CLANG_WARN_DIRECT_OBJC_ISA_USAGE = YES_ERROR;
				CLANG_WARN_DOCUMENTATION_COMMENTS = YES;
				CLANG_WARN_EMPTY_BODY = YES;
				CLANG_WARN_ENUM_CONVERSION = YES;
				CLANG_WARN_INFINITE_RECURSION = YES;
				CLANG_WARN_INT_CONVERSION = YES;
				CLANG_WARN_NON_LITERAL_NULL_CONVERSION = YES;
				CLANG_WARN_OBJC_LITERAL_CONVERSION = YES;
				CLANG_WARN_OBJC_ROOT_CLASS = YES_ERROR;
				CLANG_WARN_RANGE_LOOP_ANALYSIS = YES;
				CLANG_WARN_STRICT_PROTOTYPES = YES;
				CLANG_WARN_SUSPICIOUS_MOVE = YES;
				CLANG_WARN_UNGUARDED_AVAILABILITY = YES_AGGRESSIVE;
				CLANG_WARN_UNREACHABLE_CODE = YES;
				CLANG_WARN__DUPLICATE_METHOD_MATCH = YES;
				CODE_SIGN_IDENTITY = "iPhone Developer";
				COPY_PHASE_STRIP = NO;
				DEBUG_INFORMATION_FORMAT = "dwarf-with-dsym";
				ENABLE_NS_ASSERTIONS = NO;
				ENABLE_STRICT_OBJC_MSGSEND = YES;
				GCC_C_LANGUAGE_STANDARD = gnu11;
				GCC_NO_COMMON_BLOCKS = YES;
				GCC_WARN_64_TO_32_BIT_CONVERSION = YES;
				GCC_WARN_ABOUT_RETURN_TYPE = YES_ERROR;
				GCC_WARN_UNDECLARED_SELECTOR = YES;
				GCC_WARN_UNINITIALIZED_AUTOS = YES_AGGRESSIVE;
				GCC_WARN_UNUSED_FUNCTION = YES;
				GCC_WARN_UNUSED_VARIABLE = YES;
				IPHONEOS_DEPLOYMENT_TARGET = 11.2;
				MTL_ENABLE_DEBUG_INFO = NO;
				SDKROOT = iphoneos;
				SWIFT_OPTIMIZATION_LEVEL = "-Owholemodule";
				VALIDATE_PRODUCT = YES;
			};
			name = Release;
		};
		709FDF3D210EC5B1000604C3 /* Debug */ = {
			isa = XCBuildConfiguration;
			baseConfigurationReference = 36430D6D5C9FC39444DC5A13 /* Pods-Lipstick.debug.xcconfig */;
			buildSettings = {
				ASSETCATALOG_COMPILER_APPICON_NAME = AppIcon;
				CODE_SIGN_STYLE = Automatic;
				DEVELOPMENT_TEAM = 5GKJXKA9NC;
				INFOPLIST_FILE = Lipstick/Info.plist;
				LD_RUNPATH_SEARCH_PATHS = "$(inherited) @executable_path/Frameworks";
				PRODUCT_BUNDLE_IDENTIFIER = lipcolourpool.Lipstick;
				PRODUCT_NAME = "$(TARGET_NAME)";
				SWIFT_VERSION = 4.0;
				TARGETED_DEVICE_FAMILY = "1,2";
			};
			name = Debug;
		};
		709FDF3E210EC5B1000604C3 /* Release */ = {
			isa = XCBuildConfiguration;
			baseConfigurationReference = D1FBA2CE0355B4BD1B7C5977 /* Pods-Lipstick.release.xcconfig */;
			buildSettings = {
				ASSETCATALOG_COMPILER_APPICON_NAME = AppIcon;
				CODE_SIGN_STYLE = Automatic;
				DEVELOPMENT_TEAM = 5GKJXKA9NC;
				INFOPLIST_FILE = Lipstick/Info.plist;
				LD_RUNPATH_SEARCH_PATHS = "$(inherited) @executable_path/Frameworks";
				PRODUCT_BUNDLE_IDENTIFIER = lipcolourpool.Lipstick;
				PRODUCT_NAME = "$(TARGET_NAME)";
				SWIFT_VERSION = 4.0;
				TARGETED_DEVICE_FAMILY = "1,2";
			};
			name = Release;
		};
		709FDF40210EC5B1000604C3 /* Debug */ = {
			isa = XCBuildConfiguration;
			baseConfigurationReference = 68336328352F54441C9F71E0 /* Pods-LipstickTests.debug.xcconfig */;
			buildSettings = {
				ALWAYS_EMBED_SWIFT_STANDARD_LIBRARIES = YES;
				BUNDLE_LOADER = "$(TEST_HOST)";
				CODE_SIGN_STYLE = Automatic;
				DEVELOPMENT_TEAM = 5GKJXKA9NC;
				INFOPLIST_FILE = LipstickTests/Info.plist;
				LD_RUNPATH_SEARCH_PATHS = "$(inherited) @executable_path/Frameworks @loader_path/Frameworks";
				PRODUCT_BUNDLE_IDENTIFIER = joylink.LipstickTests;
				PRODUCT_NAME = "$(TARGET_NAME)";
				SWIFT_VERSION = 4.0;
				TARGETED_DEVICE_FAMILY = "1,2";
				TEST_HOST = "$(BUILT_PRODUCTS_DIR)/Lipstick.app/Lipstick";
			};
			name = Debug;
		};
		709FDF41210EC5B1000604C3 /* Release */ = {
			isa = XCBuildConfiguration;
			baseConfigurationReference = 69664916DCD62A4A1D2871D9 /* Pods-LipstickTests.release.xcconfig */;
			buildSettings = {
				ALWAYS_EMBED_SWIFT_STANDARD_LIBRARIES = YES;
				BUNDLE_LOADER = "$(TEST_HOST)";
				CODE_SIGN_STYLE = Automatic;
				DEVELOPMENT_TEAM = 5GKJXKA9NC;
				INFOPLIST_FILE = LipstickTests/Info.plist;
				LD_RUNPATH_SEARCH_PATHS = "$(inherited) @executable_path/Frameworks @loader_path/Frameworks";
				PRODUCT_BUNDLE_IDENTIFIER = joylink.LipstickTests;
				PRODUCT_NAME = "$(TARGET_NAME)";
				SWIFT_VERSION = 4.0;
				TARGETED_DEVICE_FAMILY = "1,2";
				TEST_HOST = "$(BUILT_PRODUCTS_DIR)/Lipstick.app/Lipstick";
			};
			name = Release;
		};
		709FDF43210EC5B1000604C3 /* Debug */ = {
			isa = XCBuildConfiguration;
			baseConfigurationReference = 9483F08E54ED67B662180B2E /* Pods-LipstickUITests.debug.xcconfig */;
			buildSettings = {
				ALWAYS_EMBED_SWIFT_STANDARD_LIBRARIES = YES;
				CODE_SIGN_STYLE = Automatic;
				DEVELOPMENT_TEAM = 5GKJXKA9NC;
				INFOPLIST_FILE = LipstickUITests/Info.plist;
				LD_RUNPATH_SEARCH_PATHS = "$(inherited) @executable_path/Frameworks @loader_path/Frameworks";
				PRODUCT_BUNDLE_IDENTIFIER = joylink.LipstickUITests;
				PRODUCT_NAME = "$(TARGET_NAME)";
				SWIFT_VERSION = 4.0;
				TARGETED_DEVICE_FAMILY = "1,2";
				TEST_TARGET_NAME = Lipstick;
			};
			name = Debug;
		};
		709FDF44210EC5B1000604C3 /* Release */ = {
			isa = XCBuildConfiguration;
			baseConfigurationReference = C0C9BBFB4ED0BF96879CEAA9 /* Pods-LipstickUITests.release.xcconfig */;
			buildSettings = {
				ALWAYS_EMBED_SWIFT_STANDARD_LIBRARIES = YES;
				CODE_SIGN_STYLE = Automatic;
				DEVELOPMENT_TEAM = 5GKJXKA9NC;
				INFOPLIST_FILE = LipstickUITests/Info.plist;
				LD_RUNPATH_SEARCH_PATHS = "$(inherited) @executable_path/Frameworks @loader_path/Frameworks";
				PRODUCT_BUNDLE_IDENTIFIER = joylink.LipstickUITests;
				PRODUCT_NAME = "$(TARGET_NAME)";
				SWIFT_VERSION = 4.0;
				TARGETED_DEVICE_FAMILY = "1,2";
				TEST_TARGET_NAME = Lipstick;
			};
			name = Release;
		};
/* End XCBuildConfiguration section */

/* Begin XCConfigurationList section */
		709FDF0C210EC5B1000604C3 /* Build configuration list for PBXProject "Lipstick" */ = {
			isa = XCConfigurationList;
			buildConfigurations = (
				709FDF3A210EC5B1000604C3 /* Debug */,
				709FDF3B210EC5B1000604C3 /* Release */,
			);
			defaultConfigurationIsVisible = 0;
			defaultConfigurationName = Release;
		};
		709FDF3C210EC5B1000604C3 /* Build configuration list for PBXNativeTarget "Lipstick" */ = {
			isa = XCConfigurationList;
			buildConfigurations = (
				709FDF3D210EC5B1000604C3 /* Debug */,
				709FDF3E210EC5B1000604C3 /* Release */,
			);
			defaultConfigurationIsVisible = 0;
			defaultConfigurationName = Release;
		};
		709FDF3F210EC5B1000604C3 /* Build configuration list for PBXNativeTarget "LipstickTests" */ = {
			isa = XCConfigurationList;
			buildConfigurations = (
				709FDF40210EC5B1000604C3 /* Debug */,
				709FDF41210EC5B1000604C3 /* Release */,
			);
			defaultConfigurationIsVisible = 0;
			defaultConfigurationName = Release;
		};
		709FDF42210EC5B1000604C3 /* Build configuration list for PBXNativeTarget "LipstickUITests" */ = {
			isa = XCConfigurationList;
			buildConfigurations = (
				709FDF43210EC5B1000604C3 /* Debug */,
				709FDF44210EC5B1000604C3 /* Release */,
			);
			defaultConfigurationIsVisible = 0;
			defaultConfigurationName = Release;
		};
/* End XCConfigurationList section */

/* Begin XCVersionGroup section */
		709FDF1B210EC5B1000604C3 /* Lipstick.xcdatamodeld */ = {
			isa = XCVersionGroup;
			children = (
				709FDF1C210EC5B1000604C3 /* Lipstick.xcdatamodel */,
			);
			currentVersion = 709FDF1C210EC5B1000604C3 /* Lipstick.xcdatamodel */;
			path = Lipstick.xcdatamodeld;
			sourceTree = "<group>";
			versionGroupType = wrapper.xcdatamodel;
		};
/* End XCVersionGroup section */
	};
	rootObject = 709FDF09210EC5B1000604C3 /* Project object */;
}
